
Microsoft Visual Studio Solution File, Format Version 12.00
# Visual Studio 2013
VisualStudioVersion = 12.0.21005.1
MinimumVisualStudioVersion = 10.0.40219.1
Project("{FAE04EC0-301F-11D3-BF4B-00C04F79EFBC}") = "BlochsTech.Website.Base", "BlochsTech.Website.Base\BlochsTech.Website.Base.csproj", "{0F156301-5EDF-41FD-874C-86D1C8525CF5}"
EndProject
Project("{FAE04EC0-301F-11D3-BF4B-00C04F79EFBC}") = "BlochsTech.Website.Domain", "BlochsTech.Website.Domain\BlochsTech.Website.Domain.csproj", "{0567B425-60BB-4B30-9612-0831343A3579}"
EndProject
Project("{FAE04EC0-301F-11D3-BF4B-00C04F79EFBC}") = "BlochsTech.Website.DataAccess", "BlochsTech.Website.DataAccess\BlochsTech.Website.DataAccess.csproj", "{E89B7D98-CDDD-4C2D-AA48-08037C0CEB53}"
EndProject
Project("{FAE04EC0-301F-11D3-BF4B-00C04F79EFBC}") = "BlochsTech.Website.Service", "BlochsTech.Website.Service\BlochsTech.Website.Service.csproj", "{4BC16E46-6609-464A-B7D3-19E3EB0C22D7}"
EndProject
Global
	GlobalSection(SolutionConfigurationPlatforms) = preSolution
		Debug|Any CPU = Debug|Any CPU
		Release|Any CPU = Release|Any CPU
	EndGlobalSection
	GlobalSection(ProjectConfigurationPlatforms) = postSolution
		{0F156301-5EDF-41FD-874C-86D1C8525CF5}.Debug|Any CPU.ActiveCfg = Debug|Any CPU
		{0F156301-5EDF-41FD-874C-86D1C8525CF5}.Debug|Any CPU.Build.0 = Debug|Any CPU
		{0F156301-5EDF-41FD-874C-86D1C8525CF5}.Release|Any CPU.ActiveCfg = Release|Any CPU
		{0F156301-5EDF-41FD-874C-86D1C8525CF5}.Release|Any CPU.Build.0 = Release|Any CPU
		{0567B425-60BB-4B30-9612-0831343A3579}.Debug|Any CPU.ActiveCfg = Debug|Any CPU
		{0567B425-60BB-4B30-9612-0831343A3579}.Debug|Any CPU.Build.0 = Debug|Any CPU
		{0567B425-60BB-4B30-9612-0831343A3579}.Release|Any CPU.ActiveCfg = Release|Any CPU
		{0567B425-60BB-4B30-9612-0831343A3579}.Release|Any CPU.Build.0 = Release|Any CPU
		{E89B7D98-CDDD-4C2D-AA48-08037C0CEB53}.Debug|Any CPU.ActiveCfg = Debug|Any CPU
		{E89B7D98-CDDD-4C2D-AA48-08037C0CEB53}.Debug|Any CPU.Build.0 = Debug|Any CPU
		{E89B7D98-CDDD-4C2D-AA48-08037C0CEB53}.Release|Any CPU.ActiveCfg = Release|Any CPU
		{E89B7D98-CDDD-4C2D-AA48-08037C0CEB53}.Release|Any CPU.Build.0 = Release|Any CPU
		{4BC16E46-6609-464A-B7D3-19E3EB0C22D7}.Debug|Any CPU.ActiveCfg = Debug|Any CPU
		{4BC16E46-6609-464A-B7D3-19E3EB0C22D7}.Debug|Any CPU.Build.0 = Debug|Any CPU
		{4BC16E46-6609-464A-B7D3-19E3EB0C22D7}.Release|Any CPU.ActiveCfg = Release|Any CPU
		{4BC16E46-6609-464A-B7D3-19E3EB0C22D7}.Release|Any CPU.Build.0 = Release|Any CPU
	EndGlobalSection
	GlobalSection(SolutionProperties) = preSolution
		HideSolutionNode = FALSE
	EndGlobalSection
EndGlobal
